
Microsoft Visual Studio Solution File, Format Version 12.00
# Visual Studio Version 17
VisualStudioVersion = 17.7.34031.279
MinimumVisualStudioVersion = 10.0.40219.1
Project("{888888A0-9F3D-457C-B088-3A5042F75D52}") = "合并WOS导出文献数据", "合并WOS导出文献数据.pyproj", "{E948CC52-4DA0-4B68-BA5F-F19FC2B7BC83}"
EndProject
Global
	GlobalSection(SolutionConfigurationPlatforms) = preSolution
		Debug|Any CPU = Debug|Any CPU
		Release|Any CPU = Release|Any CPU
	EndGlobalSection
	GlobalSection(ProjectConfigurationPlatforms) = postSolution
		{E948CC52-4DA0-4B68-BA5F-F19FC2B7BC83}.Debug|Any CPU.ActiveCfg = Debug|Any CPU
		{E948CC52-4DA0-4B68-BA5F-F19FC2B7BC83}.Release|Any CPU.ActiveCfg = Release|Any CPU
	EndGlobalSection
	GlobalSection(SolutionProperties) = preSolution
		HideSolutionNode = FALSE
	EndGlobalSection
	GlobalSection(ExtensibilityGlobals) = postSolution
		SolutionGuid = {2AB6B618-DCDD-47B3-8651-F13317BAFB11}
	EndGlobalSection
EndGlobal
